{
  "version": 4,
  "terraform_version": "1.2.4",
  "serial": 15,
  "lineage": "da8eca3e-9ead-9ff0-8b4b-a4ac203cf4fb",
  "outputs": {
    "resource_group_id": {
      "value": "/subscriptions/7a6b4a15-708b-47df-8095-03f33b6c8b88/resourceGroups/var.resource_group_name",
      "type": "string"
    }
  },
  "resources": [
    {
      "mode": "managed",
      "type": "azurerm_resource_group",
      "name": "rg",
      "provider": "provider[\"registry.terraform.io/hashicorp/azurerm\"]",
      "instances": [
        {
          "schema_version": 0,
          "attributes": {
            "id": "/subscriptions/7a6b4a15-708b-47df-8095-03f33b6c8b88/resourceGroups/var.resource_group_name",
            "location": "uksouth",
            "name": "var.resource_group_name",
            "tags": {},
            "timeouts": null
          },
          "sensitive_attributes": [],
          "private": "eyJlMmJmYjczMC1lY2FhLTExZTYtOGY4OC0zNDM2M2JjN2M0YzAiOnsiY3JlYXRlIjo1NDAwMDAwMDAwMDAwLCJkZWxldGUiOjU0MDAwMDAwMDAwMDAsInJlYWQiOjMwMDAwMDAwMDAwMCwidXBkYXRlIjo1NDAwMDAwMDAwMDAwfX0="
        }
      ]
    },
    {
      "mode": "managed",
      "type": "azurerm_virtual_network",
      "name": "vnet",
      "provider": "provider[\"registry.terraform.io/hashicorp/azurerm\"]",
      "instances": [
        {
          "schema_version": 0,
          "attributes": {
            "address_space": [
              "10.0.0.0/16"
            ],
            "bgp_community": "",
            "ddos_protection_plan": [],
            "dns_servers": [],
            "edge_zone": "",
            "flow_timeout_in_minutes": 0,
            "guid": "5a5a820e-8092-4efe-8537-9caf000a785e",
            "id": "/subscriptions/7a6b4a15-708b-47df-8095-03f33b6c8b88/resourceGroups/var.resource_group_name/providers/Microsoft.Network/virtualNetworks/myTFVnet",
            "location": "uksouth",
            "name": "myTFVnet",
            "resource_group_name": "var.resource_group_name",
            "subnet": [],
            "tags": {
              "Environment": "Terraform Getting Started",
              "Team": "DevOps"
            },
            "timeouts": null
          },
          "sensitive_attributes": [],
          "private": "eyJlMmJmYjczMC1lY2FhLTExZTYtOGY4OC0zNDM2M2JjN2M0YzAiOnsiY3JlYXRlIjoxODAwMDAwMDAwMDAwLCJkZWxldGUiOjE4MDAwMDAwMDAwMDAsInJlYWQiOjMwMDAwMDAwMDAwMCwidXBkYXRlIjoxODAwMDAwMDAwMDAwfX0=",
          "dependencies": [
            "azurerm_resource_group.rg"
          ]
        }
      ]
    }
  ]
}
